
Microsoft Visual Studio Solution File, Format Version 12.00
# Visual Studio 2012
Project("{2150E333-8FDC-42A3-9474-1A3956D46DE8}") = "Platforms", "Platforms", "{1558DB66-9572-4FA6-9D14-98CA4213F99B}"
EndProject
Project("{2150E333-8FDC-42A3-9474-1A3956D46DE8}") = "Android", "Android", "{1EDD112E-D276-4CCE-BAD3-0DDB5B58B890}"
EndProject
Project("{FAE04EC0-301F-11D3-BF4B-00C04F79EFBC}") = "HockeySDK.Android", "source\HockeySDK.Android\HockeySDK.Android.csproj", "{BA14689F-C933-482E-9C08-4DE46151E21B}"
EndProject
Project("{FAE04EC0-301F-11D3-BF4B-00C04F79EFBC}") = "HockeySDK.AndroidBindings", "source\HockeySDK.AndroidBindings\HockeySDK.AndroidBindings.csproj", "{F523B62B-9E53-48BB-88D4-CE067456A337}"
EndProject
Project("{2150E333-8FDC-42A3-9474-1A3956D46DE8}") = "iOS", "iOS", "{6E723112-7F7B-4E6B-85CC-E7C4A0472163}"
EndProject
Project("{FAE04EC0-301F-11D3-BF4B-00C04F79EFBC}") = "HockeySDK.CrashOnly.iOSBindings", "source\HockeySDK.iOSBindings\HockeySDK.CrashOnly.iOSBindings.csproj", "{8CA3505E-1AD2-40C9-9224-EFCD859790F6}"
EndProject
Project("{FAE04EC0-301F-11D3-BF4B-00C04F79EFBC}") = "HockeySDK.iOS", "source\HockeySDK.iOS\HockeySDK.iOS.csproj", "{EF713164-3A82-460B-A66A-1CE2ECD16D95}"
EndProject
Project("{FAE04EC0-301F-11D3-BF4B-00C04F79EFBC}") = "HockeySDK.iOSBindings", "source\HockeySDK.iOSBindings\HockeySDK.iOSBindings.csproj", "{64574EFC-9C95-4764-ABAC-6A9A721CB366}"
EndProject
Project("{2150E333-8FDC-42A3-9474-1A3956D46DE8}") = "Portable", "Portable", "{50A185D9-8199-42D4-935C-CB00F8B15A72}"
EndProject
Project("{FAE04EC0-301F-11D3-BF4B-00C04F79EFBC}") = "HockeySDK", "source\HockeySDK\HockeySDK.csproj", "{8B04FA68-577A-4B65-A577-42072582F769}"
EndProject
Project("{2150E333-8FDC-42A3-9474-1A3956D46DE8}") = "CoreShared", "CoreShared", "{50101D87-DB7B-492E-BE3B-5143C323792D}"
EndProject
Project("{D954291E-2A0B-460D-934E-DC6B0785DB48}") = "HockeySDK.Shared", "source\HockeySDK.Shared\HockeySDK.Shared.shproj", "{A05F21F9-A05D-4854-AF98-034B88603E2E}"
EndProject
Global
	GlobalSection(SolutionConfigurationPlatforms) = preSolution
		Debug|Any CPU = Debug|Any CPU
		Release|Any CPU = Release|Any CPU
		Debug|iPhoneSimulator = Debug|iPhoneSimulator
		Release|iPhoneSimulator = Release|iPhoneSimulator
		Debug|iPhone = Debug|iPhone
		Release|iPhone = Release|iPhone
	EndGlobalSection
	GlobalSection(ProjectConfigurationPlatforms) = postSolution
		{64574EFC-9C95-4764-ABAC-6A9A721CB366}.Debug|Any CPU.ActiveCfg = Debug|Any CPU
		{64574EFC-9C95-4764-ABAC-6A9A721CB366}.Debug|Any CPU.Build.0 = Debug|Any CPU
		{64574EFC-9C95-4764-ABAC-6A9A721CB366}.Debug|iPhone.ActiveCfg = Debug|Any CPU
		{64574EFC-9C95-4764-ABAC-6A9A721CB366}.Debug|iPhone.Build.0 = Debug|Any CPU
		{64574EFC-9C95-4764-ABAC-6A9A721CB366}.Debug|iPhoneSimulator.ActiveCfg = Debug|Any CPU
		{64574EFC-9C95-4764-ABAC-6A9A721CB366}.Debug|iPhoneSimulator.Build.0 = Debug|Any CPU
		{64574EFC-9C95-4764-ABAC-6A9A721CB366}.Release|Any CPU.ActiveCfg = Release|Any CPU
		{64574EFC-9C95-4764-ABAC-6A9A721CB366}.Release|Any CPU.Build.0 = Release|Any CPU
		{64574EFC-9C95-4764-ABAC-6A9A721CB366}.Release|iPhone.ActiveCfg = Release|Any CPU
		{64574EFC-9C95-4764-ABAC-6A9A721CB366}.Release|iPhone.Build.0 = Release|Any CPU
		{64574EFC-9C95-4764-ABAC-6A9A721CB366}.Release|iPhoneSimulator.ActiveCfg = Release|Any CPU
		{64574EFC-9C95-4764-ABAC-6A9A721CB366}.Release|iPhoneSimulator.Build.0 = Release|Any CPU
		{8B04FA68-577A-4B65-A577-42072582F769}.Debug|Any CPU.ActiveCfg = Debug|Any CPU
		{8B04FA68-577A-4B65-A577-42072582F769}.Debug|Any CPU.Build.0 = Debug|Any CPU
		{8B04FA68-577A-4B65-A577-42072582F769}.Debug|iPhone.ActiveCfg = Debug|Any CPU
		{8B04FA68-577A-4B65-A577-42072582F769}.Debug|iPhone.Build.0 = Debug|Any CPU
		{8B04FA68-577A-4B65-A577-42072582F769}.Debug|iPhoneSimulator.ActiveCfg = Debug|Any CPU
		{8B04FA68-577A-4B65-A577-42072582F769}.Debug|iPhoneSimulator.Build.0 = Debug|Any CPU
		{8B04FA68-577A-4B65-A577-42072582F769}.Release|Any CPU.ActiveCfg = Release|Any CPU
		{8B04FA68-577A-4B65-A577-42072582F769}.Release|Any CPU.Build.0 = Release|Any CPU
		{8B04FA68-577A-4B65-A577-42072582F769}.Release|iPhone.ActiveCfg = Release|Any CPU
		{8B04FA68-577A-4B65-A577-42072582F769}.Release|iPhone.Build.0 = Release|Any CPU
		{8B04FA68-577A-4B65-A577-42072582F769}.Release|iPhoneSimulator.ActiveCfg = Release|Any CPU
		{8B04FA68-577A-4B65-A577-42072582F769}.Release|iPhoneSimulator.Build.0 = Release|Any CPU
		{8CA3505E-1AD2-40C9-9224-EFCD859790F6}.Debug|Any CPU.ActiveCfg = Debug|Any CPU
		{8CA3505E-1AD2-40C9-9224-EFCD859790F6}.Debug|Any CPU.Build.0 = Debug|Any CPU
		{8CA3505E-1AD2-40C9-9224-EFCD859790F6}.Debug|iPhone.ActiveCfg = Debug|Any CPU
		{8CA3505E-1AD2-40C9-9224-EFCD859790F6}.Debug|iPhone.Build.0 = Debug|Any CPU
		{8CA3505E-1AD2-40C9-9224-EFCD859790F6}.Debug|iPhoneSimulator.ActiveCfg = Debug|Any CPU
		{8CA3505E-1AD2-40C9-9224-EFCD859790F6}.Debug|iPhoneSimulator.Build.0 = Debug|Any CPU
		{8CA3505E-1AD2-40C9-9224-EFCD859790F6}.Release|Any CPU.ActiveCfg = Release|Any CPU
		{8CA3505E-1AD2-40C9-9224-EFCD859790F6}.Release|Any CPU.Build.0 = Release|Any CPU
		{8CA3505E-1AD2-40C9-9224-EFCD859790F6}.Release|iPhone.ActiveCfg = Release|Any CPU
		{8CA3505E-1AD2-40C9-9224-EFCD859790F6}.Release|iPhone.Build.0 = Release|Any CPU
		{8CA3505E-1AD2-40C9-9224-EFCD859790F6}.Release|iPhoneSimulator.ActiveCfg = Release|Any CPU
		{8CA3505E-1AD2-40C9-9224-EFCD859790F6}.Release|iPhoneSimulator.Build.0 = Release|Any CPU
		{BA14689F-C933-482E-9C08-4DE46151E21B}.Debug|Any CPU.ActiveCfg = Debug|Any CPU
		{BA14689F-C933-482E-9C08-4DE46151E21B}.Debug|Any CPU.Build.0 = Debug|Any CPU
		{BA14689F-C933-482E-9C08-4DE46151E21B}.Debug|iPhone.ActiveCfg = Debug|Any CPU
		{BA14689F-C933-482E-9C08-4DE46151E21B}.Debug|iPhone.Build.0 = Debug|Any CPU
		{BA14689F-C933-482E-9C08-4DE46151E21B}.Debug|iPhoneSimulator.ActiveCfg = Debug|Any CPU
		{BA14689F-C933-482E-9C08-4DE46151E21B}.Debug|iPhoneSimulator.Build.0 = Debug|Any CPU
		{BA14689F-C933-482E-9C08-4DE46151E21B}.Release|Any CPU.ActiveCfg = Release|Any CPU
		{BA14689F-C933-482E-9C08-4DE46151E21B}.Release|Any CPU.Build.0 = Release|Any CPU
		{BA14689F-C933-482E-9C08-4DE46151E21B}.Release|iPhone.ActiveCfg = Release|Any CPU
		{BA14689F-C933-482E-9C08-4DE46151E21B}.Release|iPhone.Build.0 = Release|Any CPU
		{BA14689F-C933-482E-9C08-4DE46151E21B}.Release|iPhoneSimulator.ActiveCfg = Release|Any CPU
		{BA14689F-C933-482E-9C08-4DE46151E21B}.Release|iPhoneSimulator.Build.0 = Release|Any CPU
		{EF713164-3A82-460B-A66A-1CE2ECD16D95}.Debug|Any CPU.ActiveCfg = Debug|Any CPU
		{EF713164-3A82-460B-A66A-1CE2ECD16D95}.Debug|Any CPU.Build.0 = Debug|Any CPU
		{EF713164-3A82-460B-A66A-1CE2ECD16D95}.Debug|iPhone.ActiveCfg = Debug|Any CPU
		{EF713164-3A82-460B-A66A-1CE2ECD16D95}.Debug|iPhone.Build.0 = Debug|Any CPU
		{EF713164-3A82-460B-A66A-1CE2ECD16D95}.Debug|iPhoneSimulator.ActiveCfg = Debug|Any CPU
		{EF713164-3A82-460B-A66A-1CE2ECD16D95}.Debug|iPhoneSimulator.Build.0 = Debug|Any CPU
		{EF713164-3A82-460B-A66A-1CE2ECD16D95}.Release|Any CPU.ActiveCfg = Release|Any CPU
		{EF713164-3A82-460B-A66A-1CE2ECD16D95}.Release|Any CPU.Build.0 = Release|Any CPU
		{EF713164-3A82-460B-A66A-1CE2ECD16D95}.Release|iPhone.ActiveCfg = Release|Any CPU
		{EF713164-3A82-460B-A66A-1CE2ECD16D95}.Release|iPhone.Build.0 = Release|Any CPU
		{EF713164-3A82-460B-A66A-1CE2ECD16D95}.Release|iPhoneSimulator.ActiveCfg = Release|Any CPU
		{EF713164-3A82-460B-A66A-1CE2ECD16D95}.Release|iPhoneSimulator.Build.0 = Release|Any CPU
		{F523B62B-9E53-48BB-88D4-CE067456A337}.Debug|Any CPU.ActiveCfg = Debug|Any CPU
		{F523B62B-9E53-48BB-88D4-CE067456A337}.Debug|Any CPU.Build.0 = Debug|Any CPU
		{F523B62B-9E53-48BB-88D4-CE067456A337}.Debug|iPhone.ActiveCfg = Debug|Any CPU
		{F523B62B-9E53-48BB-88D4-CE067456A337}.Debug|iPhone.Build.0 = Debug|Any CPU
		{F523B62B-9E53-48BB-88D4-CE067456A337}.Debug|iPhoneSimulator.ActiveCfg = Debug|Any CPU
		{F523B62B-9E53-48BB-88D4-CE067456A337}.Debug|iPhoneSimulator.Build.0 = Debug|Any CPU
		{F523B62B-9E53-48BB-88D4-CE067456A337}.Release|Any CPU.ActiveCfg = Release|Any CPU
		{F523B62B-9E53-48BB-88D4-CE067456A337}.Release|Any CPU.Build.0 = Release|Any CPU
		{F523B62B-9E53-48BB-88D4-CE067456A337}.Release|iPhone.ActiveCfg = Release|Any CPU
		{F523B62B-9E53-48BB-88D4-CE067456A337}.Release|iPhone.Build.0 = Release|Any CPU
		{F523B62B-9E53-48BB-88D4-CE067456A337}.Release|iPhoneSimulator.ActiveCfg = Release|Any CPU
		{F523B62B-9E53-48BB-88D4-CE067456A337}.Release|iPhoneSimulator.Build.0 = Release|Any CPU
	EndGlobalSection
	GlobalSection(NestedProjects) = preSolution
		{1EDD112E-D276-4CCE-BAD3-0DDB5B58B890} = {1558DB66-9572-4FA6-9D14-98CA4213F99B}
		{6E723112-7F7B-4E6B-85CC-E7C4A0472163} = {1558DB66-9572-4FA6-9D14-98CA4213F99B}
		{50A185D9-8199-42D4-935C-CB00F8B15A72} = {1558DB66-9572-4FA6-9D14-98CA4213F99B}
		{BA14689F-C933-482E-9C08-4DE46151E21B} = {1EDD112E-D276-4CCE-BAD3-0DDB5B58B890}
		{F523B62B-9E53-48BB-88D4-CE067456A337} = {1EDD112E-D276-4CCE-BAD3-0DDB5B58B890}
		{8CA3505E-1AD2-40C9-9224-EFCD859790F6} = {6E723112-7F7B-4E6B-85CC-E7C4A0472163}
		{EF713164-3A82-460B-A66A-1CE2ECD16D95} = {6E723112-7F7B-4E6B-85CC-E7C4A0472163}
		{64574EFC-9C95-4764-ABAC-6A9A721CB366} = {6E723112-7F7B-4E6B-85CC-E7C4A0472163}
		{8B04FA68-577A-4B65-A577-42072582F769} = {50A185D9-8199-42D4-935C-CB00F8B15A72}
		{A05F21F9-A05D-4854-AF98-034B88603E2E} = {50101D87-DB7B-492E-BE3B-5143C323792D}
	EndGlobalSection
EndGlobal
