
Microsoft Visual Studio Solution File, Format Version 12.00
# Visual Studio 2012
Project("{FAE04EC0-301F-11D3-BF4B-00C04F79EFBC}") = "HockeySDK.AndroidBindings", "source\HockeySDK.AndroidBindings\HockeySDK.AndroidBindings.csproj", "{F523B62B-9E53-48BB-88D4-CE067456A337}"
EndProject
Project("{FAE04EC0-301F-11D3-BF4B-00C04F79EFBC}") = "HockeySDK.iOSBindings", "source\HockeySDK.iOSBindings\HockeySDK.iOSBindings.csproj", "{64574EFC-9C95-4764-ABAC-6A9A721CB366}"
EndProject
Project("{FAE04EC0-301F-11D3-BF4B-00C04F79EFBC}") = "HockeySDK.CrashOnly.iOSBindings", "source\HockeySDK.iOSBindings\HockeySDK.CrashOnly.iOSBindings.csproj", "{8CA3505E-1AD2-40C9-9224-EFCD859790F6}"
EndProject
Global
	GlobalSection(SolutionConfigurationPlatforms) = preSolution
		Debug|Any CPU = Debug|Any CPU
		Release|Any CPU = Release|Any CPU
		Debug|iPhoneSimulator = Debug|iPhoneSimulator
		Release|iPhoneSimulator = Release|iPhoneSimulator
		Debug|iPhone = Debug|iPhone
		Release|iPhone = Release|iPhone
	EndGlobalSection
	GlobalSection(ProjectConfigurationPlatforms) = postSolution
		{64574EFC-9C95-4764-ABAC-6A9A721CB366}.Debug|Any CPU.ActiveCfg = Debug|Any CPU
		{64574EFC-9C95-4764-ABAC-6A9A721CB366}.Debug|Any CPU.Build.0 = Debug|Any CPU
		{64574EFC-9C95-4764-ABAC-6A9A721CB366}.Debug|iPhone.ActiveCfg = Debug|Any CPU
		{64574EFC-9C95-4764-ABAC-6A9A721CB366}.Debug|iPhone.Build.0 = Debug|Any CPU
		{64574EFC-9C95-4764-ABAC-6A9A721CB366}.Debug|iPhoneSimulator.ActiveCfg = Debug|Any CPU
		{64574EFC-9C95-4764-ABAC-6A9A721CB366}.Debug|iPhoneSimulator.Build.0 = Debug|Any CPU
		{64574EFC-9C95-4764-ABAC-6A9A721CB366}.Release|Any CPU.ActiveCfg = Release|Any CPU
		{64574EFC-9C95-4764-ABAC-6A9A721CB366}.Release|Any CPU.Build.0 = Release|Any CPU
		{64574EFC-9C95-4764-ABAC-6A9A721CB366}.Release|iPhone.ActiveCfg = Release|Any CPU
		{64574EFC-9C95-4764-ABAC-6A9A721CB366}.Release|iPhone.Build.0 = Release|Any CPU
		{64574EFC-9C95-4764-ABAC-6A9A721CB366}.Release|iPhoneSimulator.ActiveCfg = Release|Any CPU
		{64574EFC-9C95-4764-ABAC-6A9A721CB366}.Release|iPhoneSimulator.Build.0 = Release|Any CPU
		{8CA3505E-1AD2-40C9-9224-EFCD859790F6}.Debug|Any CPU.ActiveCfg = Debug|Any CPU
		{8CA3505E-1AD2-40C9-9224-EFCD859790F6}.Debug|Any CPU.Build.0 = Debug|Any CPU
		{8CA3505E-1AD2-40C9-9224-EFCD859790F6}.Debug|iPhone.ActiveCfg = Debug|Any CPU
		{8CA3505E-1AD2-40C9-9224-EFCD859790F6}.Debug|iPhone.Build.0 = Debug|Any CPU
		{8CA3505E-1AD2-40C9-9224-EFCD859790F6}.Debug|iPhoneSimulator.ActiveCfg = Debug|Any CPU
		{8CA3505E-1AD2-40C9-9224-EFCD859790F6}.Debug|iPhoneSimulator.Build.0 = Debug|Any CPU
		{8CA3505E-1AD2-40C9-9224-EFCD859790F6}.Release|Any CPU.ActiveCfg = Release|Any CPU
		{8CA3505E-1AD2-40C9-9224-EFCD859790F6}.Release|Any CPU.Build.0 = Release|Any CPU
		{8CA3505E-1AD2-40C9-9224-EFCD859790F6}.Release|iPhone.ActiveCfg = Release|Any CPU
		{8CA3505E-1AD2-40C9-9224-EFCD859790F6}.Release|iPhone.Build.0 = Release|Any CPU
		{8CA3505E-1AD2-40C9-9224-EFCD859790F6}.Release|iPhoneSimulator.ActiveCfg = Release|Any CPU
		{8CA3505E-1AD2-40C9-9224-EFCD859790F6}.Release|iPhoneSimulator.Build.0 = Release|Any CPU
		{F523B62B-9E53-48BB-88D4-CE067456A337}.Debug|Any CPU.ActiveCfg = Debug|Any CPU
		{F523B62B-9E53-48BB-88D4-CE067456A337}.Debug|Any CPU.Build.0 = Debug|Any CPU
		{F523B62B-9E53-48BB-88D4-CE067456A337}.Debug|iPhone.ActiveCfg = Debug|Any CPU
		{F523B62B-9E53-48BB-88D4-CE067456A337}.Debug|iPhone.Build.0 = Debug|Any CPU
		{F523B62B-9E53-48BB-88D4-CE067456A337}.Debug|iPhoneSimulator.ActiveCfg = Debug|Any CPU
		{F523B62B-9E53-48BB-88D4-CE067456A337}.Debug|iPhoneSimulator.Build.0 = Debug|Any CPU
		{F523B62B-9E53-48BB-88D4-CE067456A337}.Release|Any CPU.ActiveCfg = Release|Any CPU
		{F523B62B-9E53-48BB-88D4-CE067456A337}.Release|Any CPU.Build.0 = Release|Any CPU
		{F523B62B-9E53-48BB-88D4-CE067456A337}.Release|iPhone.ActiveCfg = Release|Any CPU
		{F523B62B-9E53-48BB-88D4-CE067456A337}.Release|iPhone.Build.0 = Release|Any CPU
		{F523B62B-9E53-48BB-88D4-CE067456A337}.Release|iPhoneSimulator.ActiveCfg = Release|Any CPU
		{F523B62B-9E53-48BB-88D4-CE067456A337}.Release|iPhoneSimulator.Build.0 = Release|Any CPU
	EndGlobalSection
EndGlobal
