
Microsoft Visual Studio Solution File, Format Version 12.00
# Visual Studio 2012
Project("{FAE04EC0-301F-11D3-BF4B-00C04F79EFBC}") = "HockeyAppSampleiOSCrashOnly", "HockeyAppSampleiOS\HockeyAppSampleiOSCrashOnly.csproj", "{ACA2C3DA-F399-4C99-B284-AAC62D04AF6D}"
EndProject
Project("{FAE04EC0-301F-11D3-BF4B-00C04F79EFBC}") = "HockeySDK.CrashOnly.iOSBindings", "..\source\HockeySDK.iOSBindings\HockeySDK.CrashOnly.iOSBindings.csproj", "{8CA3505E-1AD2-40C9-9224-EFCD859790F6}"
EndProject
Global
	GlobalSection(SolutionConfigurationPlatforms) = preSolution
		Debug|Any CPU = Debug|Any CPU
		Release|Any CPU = Release|Any CPU
		Debug|iPhoneSimulator = Debug|iPhoneSimulator
		Release|iPhoneSimulator = Release|iPhoneSimulator
		Debug|iPhone = Debug|iPhone
		Release|iPhone = Release|iPhone
	EndGlobalSection
	GlobalSection(ProjectConfigurationPlatforms) = postSolution
		{8CA3505E-1AD2-40C9-9224-EFCD859790F6}.Debug|Any CPU.ActiveCfg = Debug|Any CPU
		{8CA3505E-1AD2-40C9-9224-EFCD859790F6}.Debug|Any CPU.Build.0 = Debug|Any CPU
		{8CA3505E-1AD2-40C9-9224-EFCD859790F6}.Debug|iPhone.ActiveCfg = Debug|Any CPU
		{8CA3505E-1AD2-40C9-9224-EFCD859790F6}.Debug|iPhone.Build.0 = Debug|Any CPU
		{8CA3505E-1AD2-40C9-9224-EFCD859790F6}.Debug|iPhoneSimulator.ActiveCfg = Debug|Any CPU
		{8CA3505E-1AD2-40C9-9224-EFCD859790F6}.Debug|iPhoneSimulator.Build.0 = Debug|Any CPU
		{8CA3505E-1AD2-40C9-9224-EFCD859790F6}.Release|Any CPU.ActiveCfg = Release|Any CPU
		{8CA3505E-1AD2-40C9-9224-EFCD859790F6}.Release|Any CPU.Build.0 = Release|Any CPU
		{8CA3505E-1AD2-40C9-9224-EFCD859790F6}.Release|iPhone.ActiveCfg = Release|Any CPU
		{8CA3505E-1AD2-40C9-9224-EFCD859790F6}.Release|iPhone.Build.0 = Release|Any CPU
		{8CA3505E-1AD2-40C9-9224-EFCD859790F6}.Release|iPhoneSimulator.ActiveCfg = Release|Any CPU
		{8CA3505E-1AD2-40C9-9224-EFCD859790F6}.Release|iPhoneSimulator.Build.0 = Release|Any CPU
		{ACA2C3DA-F399-4C99-B284-AAC62D04AF6D}.Debug|Any CPU.ActiveCfg = Debug|iPhoneSimulator
		{ACA2C3DA-F399-4C99-B284-AAC62D04AF6D}.Debug|Any CPU.Build.0 = Debug|iPhoneSimulator
		{ACA2C3DA-F399-4C99-B284-AAC62D04AF6D}.Debug|iPhone.ActiveCfg = Debug|iPhone
		{ACA2C3DA-F399-4C99-B284-AAC62D04AF6D}.Debug|iPhone.Build.0 = Debug|iPhone
		{ACA2C3DA-F399-4C99-B284-AAC62D04AF6D}.Debug|iPhoneSimulator.ActiveCfg = Debug|iPhoneSimulator
		{ACA2C3DA-F399-4C99-B284-AAC62D04AF6D}.Debug|iPhoneSimulator.Build.0 = Debug|iPhoneSimulator
		{ACA2C3DA-F399-4C99-B284-AAC62D04AF6D}.Release|Any CPU.ActiveCfg = Release|iPhoneSimulator
		{ACA2C3DA-F399-4C99-B284-AAC62D04AF6D}.Release|Any CPU.Build.0 = Release|iPhoneSimulator
		{ACA2C3DA-F399-4C99-B284-AAC62D04AF6D}.Release|iPhone.ActiveCfg = Release|iPhone
		{ACA2C3DA-F399-4C99-B284-AAC62D04AF6D}.Release|iPhone.Build.0 = Release|iPhone
		{ACA2C3DA-F399-4C99-B284-AAC62D04AF6D}.Release|iPhoneSimulator.ActiveCfg = Release|iPhoneSimulator
		{ACA2C3DA-F399-4C99-B284-AAC62D04AF6D}.Release|iPhoneSimulator.Build.0 = Release|iPhoneSimulator
	EndGlobalSection
EndGlobal
